
Microsoft Visual Studio Solution File, Format Version 12.00
# Visual Studio Version 17
VisualStudioVersion = 17.7.34031.279
MinimumVisualStudioVersion = 10.0.40219.1
Project("{FAE04EC0-301F-11D3-BF4B-00C04F79EFBC}") = "Belajar1", "Belajar1\Belajar1.csproj", "{7A8D97C4-AD03-4328-8902-003BB0E7F5DD}"
EndProject
Global
	GlobalSection(SolutionConfigurationPlatforms) = preSolution
		Debug|Any CPU = Debug|Any CPU
		Release|Any CPU = Release|Any CPU
	EndGlobalSection
	GlobalSection(ProjectConfigurationPlatforms) = postSolution
		{7A8D97C4-AD03-4328-8902-003BB0E7F5DD}.Debug|Any CPU.ActiveCfg = Debug|Any CPU
		{7A8D97C4-AD03-4328-8902-003BB0E7F5DD}.Debug|Any CPU.Build.0 = Debug|Any CPU
		{7A8D97C4-AD03-4328-8902-003BB0E7F5DD}.Release|Any CPU.ActiveCfg = Release|Any CPU
		{7A8D97C4-AD03-4328-8902-003BB0E7F5DD}.Release|Any CPU.Build.0 = Release|Any CPU
	EndGlobalSection
	GlobalSection(SolutionProperties) = preSolution
		HideSolutionNode = FALSE
	EndGlobalSection
	GlobalSection(ExtensibilityGlobals) = postSolution
		SolutionGuid = {C2FF82CD-C8CB-4B63-8219-390AFFB58F84}
	EndGlobalSection
EndGlobal
