
Microsoft Visual Studio Solution File, Format Version 12.00
# Visual Studio Version 17
VisualStudioVersion = 17.7.34031.279
MinimumVisualStudioVersion = 10.0.40219.1
Project("{FAE04EC0-301F-11D3-BF4B-00C04F79EFBC}") = "P7_1_714220013", "P7_1_714220013\P7_1_714220013.csproj", "{78839DF5-DB5E-4C6C-BEF3-20B121293694}"
EndProject
Global
	GlobalSection(SolutionConfigurationPlatforms) = preSolution
		Debug|Any CPU = Debug|Any CPU
		Release|Any CPU = Release|Any CPU
	EndGlobalSection
	GlobalSection(ProjectConfigurationPlatforms) = postSolution
		{78839DF5-DB5E-4C6C-BEF3-20B121293694}.Debug|Any CPU.ActiveCfg = Debug|Any CPU
		{78839DF5-DB5E-4C6C-BEF3-20B121293694}.Debug|Any CPU.Build.0 = Debug|Any CPU
		{78839DF5-DB5E-4C6C-BEF3-20B121293694}.Release|Any CPU.ActiveCfg = Release|Any CPU
		{78839DF5-DB5E-4C6C-BEF3-20B121293694}.Release|Any CPU.Build.0 = Release|Any CPU
	EndGlobalSection
	GlobalSection(SolutionProperties) = preSolution
		HideSolutionNode = FALSE
	EndGlobalSection
	GlobalSection(ExtensibilityGlobals) = postSolution
		SolutionGuid = {CC61F9C0-00D6-4606-B74E-CE57725ED45B}
	EndGlobalSection
EndGlobal
