
Microsoft Visual Studio Solution File, Format Version 12.00
# Visual Studio Version 17
VisualStudioVersion = 17.7.34031.279
MinimumVisualStudioVersion = 10.0.40219.1
Project("{FAE04EC0-301F-11D3-BF4B-00C04F79EFBC}") = "P4_1_714220013", "P4_1_714220013\P4_1_714220013.csproj", "{EA2847F4-218A-4572-B239-11DDD887ED7F}"
EndProject
Global
	GlobalSection(SolutionConfigurationPlatforms) = preSolution
		Debug|Any CPU = Debug|Any CPU
		Release|Any CPU = Release|Any CPU
	EndGlobalSection
	GlobalSection(ProjectConfigurationPlatforms) = postSolution
		{EA2847F4-218A-4572-B239-11DDD887ED7F}.Debug|Any CPU.ActiveCfg = Debug|Any CPU
		{EA2847F4-218A-4572-B239-11DDD887ED7F}.Debug|Any CPU.Build.0 = Debug|Any CPU
		{EA2847F4-218A-4572-B239-11DDD887ED7F}.Release|Any CPU.ActiveCfg = Release|Any CPU
		{EA2847F4-218A-4572-B239-11DDD887ED7F}.Release|Any CPU.Build.0 = Release|Any CPU
	EndGlobalSection
	GlobalSection(SolutionProperties) = preSolution
		HideSolutionNode = FALSE
	EndGlobalSection
	GlobalSection(ExtensibilityGlobals) = postSolution
		SolutionGuid = {9D00B257-E6BE-44C3-A0B1-D4060B67F7B6}
	EndGlobalSection
EndGlobal
