
Microsoft Visual Studio Solution File, Format Version 12.00
# Visual Studio Version 17
VisualStudioVersion = 17.7.34031.279
MinimumVisualStudioVersion = 10.0.40219.1
Project("{FAE04EC0-301F-11D3-BF4B-00C04F79EFBC}") = "P4_2_714220013", "P4_2_714220013\P4_2_714220013.csproj", "{A420B744-B147-4D26-BE9D-F4695267073F}"
EndProject
Global
	GlobalSection(SolutionConfigurationPlatforms) = preSolution
		Debug|Any CPU = Debug|Any CPU
		Release|Any CPU = Release|Any CPU
	EndGlobalSection
	GlobalSection(ProjectConfigurationPlatforms) = postSolution
		{A420B744-B147-4D26-BE9D-F4695267073F}.Debug|Any CPU.ActiveCfg = Debug|Any CPU
		{A420B744-B147-4D26-BE9D-F4695267073F}.Debug|Any CPU.Build.0 = Debug|Any CPU
		{A420B744-B147-4D26-BE9D-F4695267073F}.Release|Any CPU.ActiveCfg = Release|Any CPU
		{A420B744-B147-4D26-BE9D-F4695267073F}.Release|Any CPU.Build.0 = Release|Any CPU
	EndGlobalSection
	GlobalSection(SolutionProperties) = preSolution
		HideSolutionNode = FALSE
	EndGlobalSection
	GlobalSection(ExtensibilityGlobals) = postSolution
		SolutionGuid = {C9BC3ED9-8A6A-4F45-8E1C-05514E8DD958}
	EndGlobalSection
EndGlobal
